---
metadata: 
  version: "1.0"
artifacts:
  - download_url: "https://github.com/openshift/check-payload/archive/refs/tags/0.3.6.tar.gz"
    checksum: "sha256:eeede72fdeeb3bdfc10ba806aef986b8fae1e6445c1e91e1db49976c9c5de1d2"
    filename: "check-payload.tar.gz"
  - download_url: "https://github.com/CycloneDX/sbom-utility/releases/download/v0.12.0/sbom-utility-v0.12.0-linux-amd64.tar.gz"
    checksum: "sha256:762072a297f499691d59eeb3405aa873b6e71ea8f18d7db496511e584b0f5bb1"
    filename: "sbom-utility.tar.gz"
  - download_url: "https://mirror.openshift.com/pub/openshift-v4/amd64/clients/ocp/stable/openshift-client-linux.tar.gz"
    checksum: "sha256:d1850d9115e7f06b942ccf34f0e4e9936c584d530f5068a73a802f828e0c708b"
    filename: "openshift-client-linux-amd64.tar.gz"
  - download_url: "https://mirror.openshift.com/pub/openshift-v4/ppc64le/clients/ocp/stable/openshift-client-linux.tar.gz"
    checksum: "sha256:8b45c9d3258771b37010d590975d9fe498c4daddaacc871daef415e2adde7a55"
    filename: "openshift-client-linux-ppc64le.tar.gz"
  - download_url: "https://github.com/bats-core/bats-core/archive/refs/tags/v1.8.2.tar.gz"
    checksum: "sha256:0f2df311a536e625a72bff64c838e67c7b5032e6ea9edcdf32758303062b2f3b"
    filename: "v1.8.2.tar.gz"
  - download_url: "https://github.com/operator-framework/operator-registry/releases/download/v1.40.0/linux-amd64-opm"
    checksum: "sha256:33eb929264a69f31895e1973248b7e97e3b6a862d7ca27f6892e158f79ad6aeb"
    filename: "linux-amd64-opm"
  - download_url: "https://github.com/opencontainers/umoci/releases/download/v0.4.7/umoci.amd64"
    checksum: "sha256:6abecdbe7ac96a8e48fdb73fb53f08d21d4dc5e040f7590d2ca5547b7f2b2e85"
    filename: "umoci.amd64"
  # - download_url: "https://dl.fedoraproject.org/pub/epel/epel-release-latest-9.noarch.rpm" 
  #   checksum: "sha256:f37633d205b3af14ced35e858da38c6275b12b16f7e8d3f809af725c7077cec5"
  #   filename: "epel-release-latest-9.noarch.rpm"

